// !$*UTF8*$!
{
	archiveVersion = 1;
	classes = {
	};
	objectVersion = 77;
	objects = {

/* Begin PBXBuildFile section */
		7E043B5B2D43EAD300CD365B /* Auth in Frameworks */ = {isa = PBXBuildFile; productRef = 7E043B5A2D43EAD300CD365B /* Auth */; };
		7E3C09872D130AEF001D8227 /* Networking in Frameworks */ = {isa = PBXBuildFile; productRef = 7E3C09862D130AEF001D8227 /* Networking */; };
		7E3C09892D130B1E001D8227 /* GQLOperationsGuest in Frameworks */ = {isa = PBXBuildFile; productRef = 7E3C09882D130B1E001D8227 /* GQLOperationsGuest */; };
		7E3C098B2D130EBF001D8227 /* GQLOperationsUser in Frameworks */ = {isa = PBXBuildFile; productRef = 7E3C098A2D130EBF001D8227 /* GQLOperationsUser */; };
		7ECFE78A2D1577AB002D98DD /* Environment in Frameworks */ = {isa = PBXBuildFile; productRef = 7ECFE7892D1577AB002D98DD /* Environment */; };
		7ED0F7A72D0DD8410027A49B /* PayloadModification.appex in Embed Foundation Extensions */ = {isa = PBXBuildFile; fileRef = 7ED0F7A02D0DD8410027A49B /* PayloadModification.appex */; settings = {ATTRIBUTES = (RemoveHeadersOnCopy, ); }; };
		7ED27FE62D4BCF3100A6EFE0 /* TokenKeychainManager in Frameworks */ = {isa = PBXBuildFile; productRef = 7ED27FE52D4BCF3100A6EFE0 /* TokenKeychainManager */; };
		7EE1447B2D1435DD0054FBB2 /* DesignSystem in Frameworks */ = {isa = PBXBuildFile; productRef = 7EE1447A2D1435DD0054FBB2 /* DesignSystem */; };
		7EE144D32D1454AB0054FBB2 /* Environment in Frameworks */ = {isa = PBXBuildFile; productRef = 7EE144D22D1454AB0054FBB2 /* Environment */; };
		7EE9D1772D369DAA00D03B20 /* MediaUI in Frameworks */ = {isa = PBXBuildFile; productRef = 7E8DFE652D31304700C1725E /* MediaUI */; settings = {ATTRIBUTES = (Required, ); }; };
		7EEBA9C22D4CF2BF001B6E76 /* FeedNew in Frameworks */ = {isa = PBXBuildFile; productRef = 7EEBA9C12D4CF2BF001B6E76 /* FeedNew */; };
		AC104D652DB7A864005F07F0 /* Analytics in Frameworks */ = {isa = PBXBuildFile; productRef = AC104D642DB7A864005F07F0 /* Analytics */; };
		AC10E9882D9C2D0800A72988 /* SFSafeSymbols in Frameworks */ = {isa = PBXBuildFile; productRef = AC10E9872D9C2D0800A72988 /* SFSafeSymbols */; };
		AC655A862DDCBB0F0050FEBA /* Post in Frameworks */ = {isa = PBXBuildFile; productRef = AC655A852DDCBB0F0050FEBA /* Post */; };
		AC6614E52D71F02000069AB5 /* Wallet in Frameworks */ = {isa = PBXBuildFile; productRef = AC6614E42D71F02000069AB5 /* Wallet */; };
		AC79340F2DCE4E350069CAEF /* Swinject in Frameworks */ = {isa = PBXBuildFile; productRef = AC79340E2DCE4E350069CAEF /* Swinject */; };
		AC7BD8BA2DEDCEEE0094BC9A /* FirebaseAnalytics in Frameworks */ = {isa = PBXBuildFile; productRef = AC7BD8B92DEDCEEE0094BC9A /* FirebaseAnalytics */; };
		AC7BD8BC2DEDCEEE0094BC9A /* FirebaseCore in Frameworks */ = {isa = PBXBuildFile; productRef = AC7BD8BB2DEDCEEE0094BC9A /* FirebaseCore */; };
		AC7BD8BE2DEDCEEE0094BC9A /* FirebaseCrashlytics in Frameworks */ = {isa = PBXBuildFile; productRef = AC7BD8BD2DEDCEEE0094BC9A /* FirebaseCrashlytics */; };
		AC7BD8C02DEDCEEE0094BC9A /* FirebaseMessaging in Frameworks */ = {isa = PBXBuildFile; productRef = AC7BD8BF2DEDCEEE0094BC9A /* FirebaseMessaging */; };
		AC7BD8C22DEDCEEE0094BC9A /* FirebasePerformance in Frameworks */ = {isa = PBXBuildFile; productRef = AC7BD8C12DEDCEEE0094BC9A /* FirebasePerformance */; };
		AC7BD8C42DEDCEEE0094BC9A /* FirebaseRemoteConfig in Frameworks */ = {isa = PBXBuildFile; productRef = AC7BD8C32DEDCEEE0094BC9A /* FirebaseRemoteConfig */; };
		AC8295F32D876DD700C554D1 /* Explore in Frameworks */ = {isa = PBXBuildFile; productRef = AC8295F22D876DD700C554D1 /* Explore */; };
		ACCAB48D2D81E500001C1041 /* RemoteConfig in Frameworks */ = {isa = PBXBuildFile; productRef = ACCAB48C2D81E500001C1041 /* RemoteConfig */; };
		ACE05B192DA90C7900DD6E79 /* VersionHistory in Frameworks */ = {isa = PBXBuildFile; productRef = ACE05B182DA90C7900DD6E79 /* VersionHistory */; };
		ACF9156D2D9A85D800338BC4 /* ProfileNew in Frameworks */ = {isa = PBXBuildFile; productRef = ACF9156C2D9A85D800338BC4 /* ProfileNew */; };
		ACF9156F2D9A85DD00338BC4 /* PostCreation in Frameworks */ = {isa = PBXBuildFile; productRef = ACF9156E2D9A85DD00338BC4 /* PostCreation */; };
/* End PBXBuildFile section */

/* Begin PBXContainerItemProxy section */
		7ECF06E82D0C6DA300CA7852 /* PBXContainerItemProxy */ = {
			isa = PBXContainerItemProxy;
			containerPortal = 7ECF06CF2D0C6DA200CA7852 /* Project object */;
			proxyType = 1;
			remoteGlobalIDString = 7ECF06D62D0C6DA200CA7852;
			remoteInfo = PeerApp;
		};
		7ECF06F22D0C6DA300CA7852 /* PBXContainerItemProxy */ = {
			isa = PBXContainerItemProxy;
			containerPortal = 7ECF06CF2D0C6DA200CA7852 /* Project object */;
			proxyType = 1;
			remoteGlobalIDString = 7ECF06D62D0C6DA200CA7852;
			remoteInfo = PeerApp;
		};
		7ED0F7A52D0DD8410027A49B /* PBXContainerItemProxy */ = {
			isa = PBXContainerItemProxy;
			containerPortal = 7ECF06CF2D0C6DA200CA7852 /* Project object */;
			proxyType = 1;
			remoteGlobalIDString = 7ED0F79F2D0DD8410027A49B;
			remoteInfo = PayloadModification;
		};
/* End PBXContainerItemProxy section */

/* Begin PBXCopyFilesBuildPhase section */
		7ED0F7AC2D0DD8410027A49B /* Embed Foundation Extensions */ = {
			isa = PBXCopyFilesBuildPhase;
			buildActionMask = 2147483647;
			dstPath = "";
			dstSubfolderSpec = 13;
			files = (
				7ED0F7A72D0DD8410027A49B /* PayloadModification.appex in Embed Foundation Extensions */,
			);
			name = "Embed Foundation Extensions";
			runOnlyForDeploymentPostprocessing = 0;
		};
/* End PBXCopyFilesBuildPhase section */

/* Begin PBXFileReference section */
		7E043B592D43EA4C00CD365B /* Auth */ = {isa = PBXFileReference; lastKnownFileType = wrapper; name = Auth; path = Packages/Auth; sourceTree = "<group>"; };
		7E0ECFB32D412C4300A99A5A /* Wallet */ = {isa = PBXFileReference; lastKnownFileType = wrapper; name = Wallet; path = Packages/Wallet; sourceTree = "<group>"; };
		7EB325A02D11909200DBF2AF /* GQLOperationsGuest */ = {isa = PBXFileReference; lastKnownFileType = wrapper; name = GQLOperationsGuest; path = ApolloGQL/Packages/GQLOperationsGuest; sourceTree = "<group>"; };
		7ECF06D72D0C6DA200CA7852 /* PeerApp.app */ = {isa = PBXFileReference; explicitFileType = wrapper.application; includeInIndex = 0; path = PeerApp.app; sourceTree = BUILT_PRODUCTS_DIR; };
		7ECF06E72D0C6DA300CA7852 /* PeerAppTests.xctest */ = {isa = PBXFileReference; explicitFileType = wrapper.cfbundle; includeInIndex = 0; path = PeerAppTests.xctest; sourceTree = BUILT_PRODUCTS_DIR; };
		7ECF06F12D0C6DA300CA7852 /* PeerAppUITests.xctest */ = {isa = PBXFileReference; explicitFileType = wrapper.cfbundle; includeInIndex = 0; path = PeerAppUITests.xctest; sourceTree = BUILT_PRODUCTS_DIR; };
		7ECF07042D0C6DE300CA7852 /* Networking */ = {isa = PBXFileReference; lastKnownFileType = wrapper; name = Networking; path = Packages/Networking; sourceTree = "<group>"; };
		7ECF07102D0C8EA100CA7852 /* GQLOperationsUser */ = {isa = PBXFileReference; lastKnownFileType = wrapper; name = GQLOperationsUser; path = ApolloGQL/Packages/GQLOperationsUser; sourceTree = "<group>"; };
		7ECFE79E2D15CB96002D98DD /* MediaUI */ = {isa = PBXFileReference; lastKnownFileType = wrapper; name = MediaUI; path = Packages/MediaUI; sourceTree = "<group>"; };
		7ED0F7A02D0DD8410027A49B /* PayloadModification.appex */ = {isa = PBXFileReference; explicitFileType = "wrapper.app-extension"; includeInIndex = 0; path = PayloadModification.appex; sourceTree = BUILT_PRODUCTS_DIR; };
		7ED27FE42D4BC6A000A6EFE0 /* TokenKeychainManager */ = {isa = PBXFileReference; lastKnownFileType = wrapper; name = TokenKeychainManager; path = Packages/TokenKeychainManager; sourceTree = "<group>"; };
		7EE144782D142B150054FBB2 /* DesignSystem */ = {isa = PBXFileReference; lastKnownFileType = wrapper; name = DesignSystem; path = Packages/DesignSystem; sourceTree = "<group>"; };
		7EE144D02D1452230054FBB2 /* Models */ = {isa = PBXFileReference; lastKnownFileType = wrapper; name = Models; path = Packages/Models; sourceTree = "<group>"; };
		7EE144D12D1454770054FBB2 /* Environment */ = {isa = PBXFileReference; lastKnownFileType = wrapper; name = Environment; path = Packages/Environment; sourceTree = "<group>"; };
		7EEBA9C02D4CDC97001B6E76 /* FeedNew */ = {isa = PBXFileReference; lastKnownFileType = wrapper; name = FeedNew; path = Packages/FeedNew; sourceTree = "<group>"; };
		AC6041E62DDB18B200D8DD5B /* Post */ = {isa = PBXFileReference; lastKnownFileType = wrapper; name = Post; path = Packages/Post; sourceTree = "<group>"; };
		AC6041E72DDB3FFB00D8DD5B /* FeedList */ = {isa = PBXFileReference; lastKnownFileType = wrapper; name = FeedList; path = Packages/FeedList; sourceTree = "<group>"; };
		AC8295F12D876DAD00C554D1 /* Explore */ = {isa = PBXFileReference; lastKnownFileType = wrapper; name = Explore; path = Packages/Explore; sourceTree = "<group>"; };
		ACCAB48A2D81DE23001C1041 /* Analytics */ = {isa = PBXFileReference; lastKnownFileType = wrapper; name = Analytics; path = Packages/Analytics; sourceTree = "<group>"; };
		ACCAB48B2D81E07E001C1041 /* RemoteConfig */ = {isa = PBXFileReference; lastKnownFileType = wrapper; name = RemoteConfig; path = Packages/RemoteConfig; sourceTree = "<group>"; };
		ACDF9D152D9A84B700832C1E /* PostCreation */ = {isa = PBXFileReference; lastKnownFileType = wrapper; name = PostCreation; path = Packages/PostCreation; sourceTree = "<group>"; };
		ACDF9D162D9A84B700832C1E /* ProfileNew */ = {isa = PBXFileReference; lastKnownFileType = wrapper; name = ProfileNew; path = Packages/ProfileNew; sourceTree = "<group>"; };
		ACE05B1C2DA92B0300DD6E79 /* VersionHistory */ = {isa = PBXFileReference; lastKnownFileType = wrapper; name = VersionHistory; path = Packages/VersionHistory; sourceTree = "<group>"; };
/* End PBXFileReference section */

/* Begin PBXFileSystemSynchronizedBuildFileExceptionSet section */
		7ED0F79B2D0DD78D0027A49B /* Exceptions for "PeerApp" folder in "PeerApp" target */ = {
			isa = PBXFileSystemSynchronizedBuildFileExceptionSet;
			membershipExceptions = (
				Info.plist,
			);
			target = 7ECF06D62D0C6DA200CA7852 /* PeerApp */;
		};
		7ED0F7AB2D0DD8410027A49B /* Exceptions for "PayloadModification" folder in "PayloadModification" target */ = {
			isa = PBXFileSystemSynchronizedBuildFileExceptionSet;
			membershipExceptions = (
				Info.plist,
			);
			target = 7ED0F79F2D0DD8410027A49B /* PayloadModification */;
		};
		7EE144592D141F450054FBB2 /* Exceptions for "PeerApp" folder in "PayloadModification" target */ = {
			isa = PBXFileSystemSynchronizedBuildFileExceptionSet;
			membershipExceptions = (
				"Extensions/UINavigationController+Extensions.swift",
				"Extensions/UserDefaults+Extensions.swift",
			);
			target = 7ED0F79F2D0DD8410027A49B /* PayloadModification */;
		};
/* End PBXFileSystemSynchronizedBuildFileExceptionSet section */

/* Begin PBXFileSystemSynchronizedRootGroup section */
		7ECF06D92D0C6DA200CA7852 /* PeerApp */ = {
			isa = PBXFileSystemSynchronizedRootGroup;
			exceptions = (
				7ED0F79B2D0DD78D0027A49B /* Exceptions for "PeerApp" folder in "PeerApp" target */,
				7EE144592D141F450054FBB2 /* Exceptions for "PeerApp" folder in "PayloadModification" target */,
			);
			path = PeerApp;
			sourceTree = "<group>";
		};
		7ECF06EA2D0C6DA300CA7852 /* PeerAppTests */ = {
			isa = PBXFileSystemSynchronizedRootGroup;
			path = PeerAppTests;
			sourceTree = "<group>";
		};
		7ECF06F42D0C6DA300CA7852 /* PeerAppUITests */ = {
			isa = PBXFileSystemSynchronizedRootGroup;
			path = PeerAppUITests;
			sourceTree = "<group>";
		};
		7ED0F7A12D0DD8410027A49B /* PayloadModification */ = {
			isa = PBXFileSystemSynchronizedRootGroup;
			exceptions = (
				7ED0F7AB2D0DD8410027A49B /* Exceptions for "PayloadModification" folder in "PayloadModification" target */,
			);
			path = PayloadModification;
			sourceTree = "<group>";
		};
/* End PBXFileSystemSynchronizedRootGroup section */

/* Begin PBXFrameworksBuildPhase section */
		7ECF06D42D0C6DA200CA7852 /* Frameworks */ = {
			isa = PBXFrameworksBuildPhase;
			buildActionMask = 2147483647;
			files = (
				7EE9D1772D369DAA00D03B20 /* MediaUI in Frameworks */,
				ACE05B192DA90C7900DD6E79 /* VersionHistory in Frameworks */,
				7EE1447B2D1435DD0054FBB2 /* DesignSystem in Frameworks */,
				AC7BD8C02DEDCEEE0094BC9A /* FirebaseMessaging in Frameworks */,
				7E3C09892D130B1E001D8227 /* GQLOperationsGuest in Frameworks */,
				AC7BD8BC2DEDCEEE0094BC9A /* FirebaseCore in Frameworks */,
				AC7BD8BE2DEDCEEE0094BC9A /* FirebaseCrashlytics in Frameworks */,
				AC79340F2DCE4E350069CAEF /* Swinject in Frameworks */,
				7E3C098B2D130EBF001D8227 /* GQLOperationsUser in Frameworks */,
				ACF9156D2D9A85D800338BC4 /* ProfileNew in Frameworks */,
				7E043B5B2D43EAD300CD365B /* Auth in Frameworks */,
				AC6614E52D71F02000069AB5 /* Wallet in Frameworks */,
				ACF9156F2D9A85DD00338BC4 /* PostCreation in Frameworks */,
				AC655A862DDCBB0F0050FEBA /* Post in Frameworks */,
				AC7BD8C22DEDCEEE0094BC9A /* FirebasePerformance in Frameworks */,
				ACCAB48D2D81E500001C1041 /* RemoteConfig in Frameworks */,
				7ED27FE62D4BCF3100A6EFE0 /* TokenKeychainManager in Frameworks */,
				AC10E9882D9C2D0800A72988 /* SFSafeSymbols in Frameworks */,
				AC8295F32D876DD700C554D1 /* Explore in Frameworks */,
				AC7BD8C42DEDCEEE0094BC9A /* FirebaseRemoteConfig in Frameworks */,
				7EEBA9C22D4CF2BF001B6E76 /* FeedNew in Frameworks */,
				AC104D652DB7A864005F07F0 /* Analytics in Frameworks */,
				7EE144D32D1454AB0054FBB2 /* Environment in Frameworks */,
				AC7BD8BA2DEDCEEE0094BC9A /* FirebaseAnalytics in Frameworks */,
				7E3C09872D130AEF001D8227 /* Networking in Frameworks */,
			);
			runOnlyForDeploymentPostprocessing = 0;
		};
		7ECF06E42D0C6DA300CA7852 /* Frameworks */ = {
			isa = PBXFrameworksBuildPhase;
			buildActionMask = 2147483647;
			files = (
			);
			runOnlyForDeploymentPostprocessing = 0;
		};
		7ECF06EE2D0C6DA300CA7852 /* Frameworks */ = {
			isa = PBXFrameworksBuildPhase;
			buildActionMask = 2147483647;
			files = (
			);
			runOnlyForDeploymentPostprocessing = 0;
		};
		7ED0F79D2D0DD8410027A49B /* Frameworks */ = {
			isa = PBXFrameworksBuildPhase;
			buildActionMask = 2147483647;
			files = (
				7ECFE78A2D1577AB002D98DD /* Environment in Frameworks */,
			);
			runOnlyForDeploymentPostprocessing = 0;
		};
/* End PBXFrameworksBuildPhase section */

/* Begin PBXGroup section */
		7ECF06CE2D0C6DA200CA7852 = {
			isa = PBXGroup;
			children = (
				7ECF06D92D0C6DA200CA7852 /* PeerApp */,
				7ECF06EA2D0C6DA300CA7852 /* PeerAppTests */,
				7ECF06F42D0C6DA300CA7852 /* PeerAppUITests */,
				7ED0F7A12D0DD8410027A49B /* PayloadModification */,
				ACCAB48A2D81DE23001C1041 /* Analytics */,
				7E043B592D43EA4C00CD365B /* Auth */,
				7EE144782D142B150054FBB2 /* DesignSystem */,
				7EE144D12D1454770054FBB2 /* Environment */,
				AC8295F12D876DAD00C554D1 /* Explore */,
				AC6041E72DDB3FFB00D8DD5B /* FeedList */,
				7EEBA9C02D4CDC97001B6E76 /* FeedNew */,
				7EB325A02D11909200DBF2AF /* GQLOperationsGuest */,
				7ECF07102D0C8EA100CA7852 /* GQLOperationsUser */,
				7ECFE79E2D15CB96002D98DD /* MediaUI */,
				7EE144D02D1452230054FBB2 /* Models */,
				7ECF07042D0C6DE300CA7852 /* Networking */,
				AC6041E62DDB18B200D8DD5B /* Post */,
				ACDF9D152D9A84B700832C1E /* PostCreation */,
				ACDF9D162D9A84B700832C1E /* ProfileNew */,
				ACCAB48B2D81E07E001C1041 /* RemoteConfig */,
				7ED27FE42D4BC6A000A6EFE0 /* TokenKeychainManager */,
				ACE05B1C2DA92B0300DD6E79 /* VersionHistory */,
				7E0ECFB32D412C4300A99A5A /* Wallet */,
				7ECF07062D0C76F500CA7852 /* Frameworks */,
				7ECF06D82D0C6DA200CA7852 /* Products */,
			);
			sourceTree = "<group>";
		};
		7ECF06D82D0C6DA200CA7852 /* Products */ = {
			isa = PBXGroup;
			children = (
				7ECF06D72D0C6DA200CA7852 /* PeerApp.app */,
				7ECF06E72D0C6DA300CA7852 /* PeerAppTests.xctest */,
				7ECF06F12D0C6DA300CA7852 /* PeerAppUITests.xctest */,
				7ED0F7A02D0DD8410027A49B /* PayloadModification.appex */,
			);
			name = Products;
			sourceTree = "<group>";
		};
		7ECF07062D0C76F500CA7852 /* Frameworks */ = {
			isa = PBXGroup;
			children = (
			);
			name = Frameworks;
			sourceTree = "<group>";
		};
/* End PBXGroup section */

/* Begin PBXNativeTarget section */
		7ECF06D62D0C6DA200CA7852 /* PeerApp */ = {
			isa = PBXNativeTarget;
			buildConfigurationList = 7ECF06FB2D0C6DA300CA7852 /* Build configuration list for PBXNativeTarget "PeerApp" */;
			buildPhases = (
				7EDDD5632D5A00F700A17D5B /* SwiftLint Run Script */,
				7ECF06D32D0C6DA200CA7852 /* Sources */,
				7ECF06D42D0C6DA200CA7852 /* Frameworks */,
				7ECF06D52D0C6DA200CA7852 /* Resources */,
				7ED0F7AC2D0DD8410027A49B /* Embed Foundation Extensions */,
				ACCB74B12D8ABFC4006E630C /* Firebase Crashlytics Run Script */,
			);
			buildRules = (
			);
			dependencies = (
				7ED0F7A62D0DD8410027A49B /* PBXTargetDependency */,
			);
			fileSystemSynchronizedGroups = (
				7ECF06D92D0C6DA200CA7852 /* PeerApp */,
			);
			name = PeerApp;
			packageProductDependencies = (
				7E3C09862D130AEF001D8227 /* Networking */,
				7E3C09882D130B1E001D8227 /* GQLOperationsGuest */,
				7E3C098A2D130EBF001D8227 /* GQLOperationsUser */,
				7EE1447A2D1435DD0054FBB2 /* DesignSystem */,
				7EE144D22D1454AB0054FBB2 /* Environment */,
				7E8DFE652D31304700C1725E /* MediaUI */,
				7E043B5A2D43EAD300CD365B /* Auth */,
				7ED27FE52D4BCF3100A6EFE0 /* TokenKeychainManager */,
				7EEBA9C12D4CF2BF001B6E76 /* FeedNew */,
				AC6614E42D71F02000069AB5 /* Wallet */,
				ACCAB48C2D81E500001C1041 /* RemoteConfig */,
				AC8295F22D876DD700C554D1 /* Explore */,
				ACF9156C2D9A85D800338BC4 /* ProfileNew */,
				ACF9156E2D9A85DD00338BC4 /* PostCreation */,
				AC10E9872D9C2D0800A72988 /* SFSafeSymbols */,
				ACE05B182DA90C7900DD6E79 /* VersionHistory */,
				AC104D642DB7A864005F07F0 /* Analytics */,
				AC79340E2DCE4E350069CAEF /* Swinject */,
				AC655A852DDCBB0F0050FEBA /* Post */,
				AC7BD8B92DEDCEEE0094BC9A /* FirebaseAnalytics */,
				AC7BD8BB2DEDCEEE0094BC9A /* FirebaseCore */,
				AC7BD8BD2DEDCEEE0094BC9A /* FirebaseCrashlytics */,
				AC7BD8BF2DEDCEEE0094BC9A /* FirebaseMessaging */,
				AC7BD8C12DEDCEEE0094BC9A /* FirebasePerformance */,
				AC7BD8C32DEDCEEE0094BC9A /* FirebaseRemoteConfig */,
			);
			productName = PeerApp;
			productReference = 7ECF06D72D0C6DA200CA7852 /* PeerApp.app */;
			productType = "com.apple.product-type.application";
		};
		7ECF06E62D0C6DA300CA7852 /* PeerAppTests */ = {
			isa = PBXNativeTarget;
			buildConfigurationList = 7ECF06FE2D0C6DA300CA7852 /* Build configuration list for PBXNativeTarget "PeerAppTests" */;
			buildPhases = (
				7ECF06E32D0C6DA300CA7852 /* Sources */,
				7ECF06E42D0C6DA300CA7852 /* Frameworks */,
				7ECF06E52D0C6DA300CA7852 /* Resources */,
			);
			buildRules = (
			);
			dependencies = (
				7ECF06E92D0C6DA300CA7852 /* PBXTargetDependency */,
			);
			fileSystemSynchronizedGroups = (
				7ECF06EA2D0C6DA300CA7852 /* PeerAppTests */,
			);
			name = PeerAppTests;
			packageProductDependencies = (
			);
			productName = PeerAppTests;
			productReference = 7ECF06E72D0C6DA300CA7852 /* PeerAppTests.xctest */;
			productType = "com.apple.product-type.bundle.unit-test";
		};
		7ECF06F02D0C6DA300CA7852 /* PeerAppUITests */ = {
			isa = PBXNativeTarget;
			buildConfigurationList = 7ECF07012D0C6DA300CA7852 /* Build configuration list for PBXNativeTarget "PeerAppUITests" */;
			buildPhases = (
				7ECF06ED2D0C6DA300CA7852 /* Sources */,
				7ECF06EE2D0C6DA300CA7852 /* Frameworks */,
				7ECF06EF2D0C6DA300CA7852 /* Resources */,
			);
			buildRules = (
			);
			dependencies = (
				7ECF06F32D0C6DA300CA7852 /* PBXTargetDependency */,
			);
			fileSystemSynchronizedGroups = (
				7ECF06F42D0C6DA300CA7852 /* PeerAppUITests */,
			);
			name = PeerAppUITests;
			packageProductDependencies = (
			);
			productName = PeerAppUITests;
			productReference = 7ECF06F12D0C6DA300CA7852 /* PeerAppUITests.xctest */;
			productType = "com.apple.product-type.bundle.ui-testing";
		};
		7ED0F79F2D0DD8410027A49B /* PayloadModification */ = {
			isa = PBXNativeTarget;
			buildConfigurationList = 7ED0F7A82D0DD8410027A49B /* Build configuration list for PBXNativeTarget "PayloadModification" */;
			buildPhases = (
				7ED0F79C2D0DD8410027A49B /* Sources */,
				7ED0F79D2D0DD8410027A49B /* Frameworks */,
				7ED0F79E2D0DD8410027A49B /* Resources */,
			);
			buildRules = (
			);
			dependencies = (
			);
			fileSystemSynchronizedGroups = (
				7ED0F7A12D0DD8410027A49B /* PayloadModification */,
			);
			name = PayloadModification;
			packageProductDependencies = (
				7ECFE7892D1577AB002D98DD /* Environment */,
			);
			productName = PayloadModification;
			productReference = 7ED0F7A02D0DD8410027A49B /* PayloadModification.appex */;
			productType = "com.apple.product-type.app-extension";
		};
/* End PBXNativeTarget section */

/* Begin PBXProject section */
		7ECF06CF2D0C6DA200CA7852 /* Project object */ = {
			isa = PBXProject;
			attributes = {
				BuildIndependentTargetsInParallel = 1;
				LastSwiftUpdateCheck = 1620;
				LastUpgradeCheck = 1620;
				TargetAttributes = {
					7ECF06D62D0C6DA200CA7852 = {
						CreatedOnToolsVersion = 16.2;
					};
					7ECF06E62D0C6DA300CA7852 = {
						CreatedOnToolsVersion = 16.2;
						TestTargetID = 7ECF06D62D0C6DA200CA7852;
					};
					7ECF06F02D0C6DA300CA7852 = {
						CreatedOnToolsVersion = 16.2;
						TestTargetID = 7ECF06D62D0C6DA200CA7852;
					};
					7ED0F79F2D0DD8410027A49B = {
						CreatedOnToolsVersion = 16.2;
					};
				};
			};
			buildConfigurationList = 7ECF06D22D0C6DA200CA7852 /* Build configuration list for PBXProject "PeerApp" */;
			developmentRegion = en;
			hasScannedForEncodings = 0;
			knownRegions = (
				en,
				Base,
			);
			mainGroup = 7ECF06CE2D0C6DA200CA7852;
			minimizedProjectReferenceProxies = 1;
			packageReferences = (
				7E2EEA6F2D1991A10022B381 /* XCLocalSwiftPackageReference "Packages/Networking" */,
				AC10E9862D9C2D0800A72988 /* XCRemoteSwiftPackageReference "SFSafeSymbols" */,
				AC79340D2DCE4E350069CAEF /* XCRemoteSwiftPackageReference "Swinject" */,
				AC7BD8B82DEDCEEE0094BC9A /* XCRemoteSwiftPackageReference "firebase-ios-sdk" */,
			);
			preferredProjectObjectVersion = 77;
			productRefGroup = 7ECF06D82D0C6DA200CA7852 /* Products */;
			projectDirPath = "";
			projectRoot = "";
			targets = (
				7ECF06D62D0C6DA200CA7852 /* PeerApp */,
				7ECF06E62D0C6DA300CA7852 /* PeerAppTests */,
				7ECF06F02D0C6DA300CA7852 /* PeerAppUITests */,
				7ED0F79F2D0DD8410027A49B /* PayloadModification */,
			);
		};
/* End PBXProject section */

/* Begin PBXResourcesBuildPhase section */
		7ECF06D52D0C6DA200CA7852 /* Resources */ = {
			isa = PBXResourcesBuildPhase;
			buildActionMask = 2147483647;
			files = (
			);
			runOnlyForDeploymentPostprocessing = 0;
		};
		7ECF06E52D0C6DA300CA7852 /* Resources */ = {
			isa = PBXResourcesBuildPhase;
			buildActionMask = 2147483647;
			files = (
			);
			runOnlyForDeploymentPostprocessing = 0;
		};
		7ECF06EF2D0C6DA300CA7852 /* Resources */ = {
			isa = PBXResourcesBuildPhase;
			buildActionMask = 2147483647;
			files = (
			);
			runOnlyForDeploymentPostprocessing = 0;
		};
		7ED0F79E2D0DD8410027A49B /* Resources */ = {
			isa = PBXResourcesBuildPhase;
			buildActionMask = 2147483647;
			files = (
			);
			runOnlyForDeploymentPostprocessing = 0;
		};
/* End PBXResourcesBuildPhase section */

/* Begin PBXShellScriptBuildPhase section */
		7EDDD5632D5A00F700A17D5B /* SwiftLint Run Script */ = {
			isa = PBXShellScriptBuildPhase;
			alwaysOutOfDate = 1;
			buildActionMask = 12;
			files = (
			);
			inputFileListPaths = (
			);
			inputPaths = (
			);
			name = "SwiftLint Run Script";
			outputFileListPaths = (
			);
			outputPaths = (
			);
			runOnlyForDeploymentPostprocessing = 0;
			shellPath = /bin/sh;
			shellScript = "exit 0 # remove in prod\nif [[ \"$(uname -m)\" == arm64 ]]; then\n    export PATH=\"/opt/homebrew/bin:$PATH\"\nfi\n\nif which swiftlint > /dev/null; then\n  swiftlint\nelse\n  echo \"warning: SwiftLint not installed, download from https://github.com/realm/SwiftLint\"\nfi\n";
			showEnvVarsInLog = 0;
		};
		ACCB74B12D8ABFC4006E630C /* Firebase Crashlytics Run Script */ = {
			isa = PBXShellScriptBuildPhase;
			buildActionMask = 2147483647;
			files = (
			);
			inputFileListPaths = (
			);
			inputPaths = (
				"${DWARF_DSYM_FOLDER_PATH}/${DWARF_DSYM_FILE_NAME}",
				"${DWARF_DSYM_FOLDER_PATH}/${DWARF_DSYM_FILE_NAME}/Contents/Resources/DWARF/${PRODUCT_NAME}",
				"${DWARF_DSYM_FOLDER_PATH}/${DWARF_DSYM_FILE_NAME}/Contents/Info.plist",
				"$(TARGET_BUILD_DIR)/$(UNLOCALIZED_RESOURCES_FOLDER_PATH)/GoogleService-Info.plist",
				"$(TARGET_BUILD_DIR)/$(EXECUTABLE_PATH)",
				"${DWARF_DSYM_FOLDER_PATH}/${DWARF_DSYM_FILE_NAME}/Contents/Resources/DWARF/${PRODUCT_NAME}.debug.dylib",
			);
			name = "Firebase Crashlytics Run Script";
			outputFileListPaths = (
			);
			outputPaths = (
			);
			runOnlyForDeploymentPostprocessing = 0;
			shellPath = /bin/sh;
			shellScript = "\"${BUILD_DIR%/Build/*}/SourcePackages/checkouts/firebase-ios-sdk/Crashlytics/run\"\n";
		};
/* End PBXShellScriptBuildPhase section */

/* Begin PBXSourcesBuildPhase section */
		7ECF06D32D0C6DA200CA7852 /* Sources */ = {
			isa = PBXSourcesBuildPhase;
			buildActionMask = 2147483647;
			files = (
			);
			runOnlyForDeploymentPostprocessing = 0;
		};
		7ECF06E32D0C6DA300CA7852 /* Sources */ = {
			isa = PBXSourcesBuildPhase;
			buildActionMask = 2147483647;
			files = (
			);
			runOnlyForDeploymentPostprocessing = 0;
		};
		7ECF06ED2D0C6DA300CA7852 /* Sources */ = {
			isa = PBXSourcesBuildPhase;
			buildActionMask = 2147483647;
			files = (
			);
			runOnlyForDeploymentPostprocessing = 0;
		};
		7ED0F79C2D0DD8410027A49B /* Sources */ = {
			isa = PBXSourcesBuildPhase;
			buildActionMask = 2147483647;
			files = (
			);
			runOnlyForDeploymentPostprocessing = 0;
		};
/* End PBXSourcesBuildPhase section */

/* Begin PBXTargetDependency section */
		7ECF06E92D0C6DA300CA7852 /* PBXTargetDependency */ = {
			isa = PBXTargetDependency;
			target = 7ECF06D62D0C6DA200CA7852 /* PeerApp */;
			targetProxy = 7ECF06E82D0C6DA300CA7852 /* PBXContainerItemProxy */;
		};
		7ECF06F32D0C6DA300CA7852 /* PBXTargetDependency */ = {
			isa = PBXTargetDependency;
			target = 7ECF06D62D0C6DA200CA7852 /* PeerApp */;
			targetProxy = 7ECF06F22D0C6DA300CA7852 /* PBXContainerItemProxy */;
		};
		7ED0F7A62D0DD8410027A49B /* PBXTargetDependency */ = {
			isa = PBXTargetDependency;
			target = 7ED0F79F2D0DD8410027A49B /* PayloadModification */;
			targetProxy = 7ED0F7A52D0DD8410027A49B /* PBXContainerItemProxy */;
		};
/* End PBXTargetDependency section */

/* Begin XCBuildConfiguration section */
		7ECF06F92D0C6DA300CA7852 /* Debug */ = {
			isa = XCBuildConfiguration;
			buildSettings = {
				ALWAYS_SEARCH_USER_PATHS = NO;
				ASSETCATALOG_COMPILER_GENERATE_SWIFT_ASSET_SYMBOL_EXTENSIONS = YES;
				CLANG_ANALYZER_NONNULL = YES;
				CLANG_ANALYZER_NUMBER_OBJECT_CONVERSION = YES_AGGRESSIVE;
				CLANG_CXX_LANGUAGE_STANDARD = "gnu++20";
				CLANG_ENABLE_MODULES = YES;
				CLANG_ENABLE_OBJC_ARC = YES;
				CLANG_ENABLE_OBJC_WEAK = YES;
				CLANG_WARN_BLOCK_CAPTURE_AUTORELEASING = YES;
				CLANG_WARN_BOOL_CONVERSION = YES;
				CLANG_WARN_COMMA = YES;
				CLANG_WARN_CONSTANT_CONVERSION = YES;
				CLANG_WARN_DEPRECATED_OBJC_IMPLEMENTATIONS = YES;
				CLANG_WARN_DIRECT_OBJC_ISA_USAGE = YES_ERROR;
				CLANG_WARN_DOCUMENTATION_COMMENTS = YES;
				CLANG_WARN_EMPTY_BODY = YES;
				CLANG_WARN_ENUM_CONVERSION = YES;
				CLANG_WARN_INFINITE_RECURSION = YES;
				CLANG_WARN_INT_CONVERSION = YES;
				CLANG_WARN_NON_LITERAL_NULL_CONVERSION = YES;
				CLANG_WARN_OBJC_IMPLICIT_RETAIN_SELF = YES;
				CLANG_WARN_OBJC_LITERAL_CONVERSION = YES;
				CLANG_WARN_OBJC_ROOT_CLASS = YES_ERROR;
				CLANG_WARN_QUOTED_INCLUDE_IN_FRAMEWORK_HEADER = YES;
				CLANG_WARN_RANGE_LOOP_ANALYSIS = YES;
				CLANG_WARN_STRICT_PROTOTYPES = YES;
				CLANG_WARN_SUSPICIOUS_MOVE = YES;
				CLANG_WARN_UNGUARDED_AVAILABILITY = YES_AGGRESSIVE;
				CLANG_WARN_UNREACHABLE_CODE = YES;
				CLANG_WARN__DUPLICATE_METHOD_MATCH = YES;
				COPY_PHASE_STRIP = NO;
				DEBUG_INFORMATION_FORMAT = "dwarf-with-dsym";
				ENABLE_APP_SANDBOX = NO;
				ENABLE_DEBUG_DYLIB = NO;
				ENABLE_STRICT_OBJC_MSGSEND = YES;
				ENABLE_TESTABILITY = YES;
				ENABLE_USER_SCRIPT_SANDBOXING = NO;
				GCC_C_LANGUAGE_STANDARD = gnu17;
				GCC_DYNAMIC_NO_PIC = NO;
				GCC_NO_COMMON_BLOCKS = YES;
				GCC_OPTIMIZATION_LEVEL = 0;
				GCC_PREPROCESSOR_DEFINITIONS = (
					"DEBUG=1",
					"$(inherited)",
				);
				GCC_WARN_64_TO_32_BIT_CONVERSION = YES;
				GCC_WARN_ABOUT_RETURN_TYPE = YES_ERROR;
				GCC_WARN_UNDECLARED_SELECTOR = YES;
				GCC_WARN_UNINITIALIZED_AUTOS = YES_AGGRESSIVE;
				GCC_WARN_UNUSED_FUNCTION = YES;
				GCC_WARN_UNUSED_VARIABLE = YES;
				IPHONEOS_DEPLOYMENT_TARGET = 17.6;
				LOCALIZATION_PREFERS_STRING_CATALOGS = YES;
				MTL_ENABLE_DEBUG_INFO = INCLUDE_SOURCE;
				MTL_FAST_MATH = YES;
				ONLY_ACTIVE_ARCH = YES;
				"OTHER_LDFLAGS[arch=*]" = "-ObjC";
				SDKROOT = iphoneos;
				SWIFT_ACTIVE_COMPILATION_CONDITIONS = "DEBUG $(inherited)";
				SWIFT_OPTIMIZATION_LEVEL = "-Onone";
			};
			name = Debug;
		};
		7ECF06FA2D0C6DA300CA7852 /* Release */ = {
			isa = XCBuildConfiguration;
			buildSettings = {
				ALWAYS_SEARCH_USER_PATHS = NO;
				ASSETCATALOG_COMPILER_GENERATE_SWIFT_ASSET_SYMBOL_EXTENSIONS = YES;
				CLANG_ANALYZER_NONNULL = YES;
				CLANG_ANALYZER_NUMBER_OBJECT_CONVERSION = YES_AGGRESSIVE;
				CLANG_CXX_LANGUAGE_STANDARD = "gnu++20";
				CLANG_ENABLE_MODULES = YES;
				CLANG_ENABLE_OBJC_ARC = YES;
				CLANG_ENABLE_OBJC_WEAK = YES;
				CLANG_WARN_BLOCK_CAPTURE_AUTORELEASING = YES;
				CLANG_WARN_BOOL_CONVERSION = YES;
				CLANG_WARN_COMMA = YES;
				CLANG_WARN_CONSTANT_CONVERSION = YES;
				CLANG_WARN_DEPRECATED_OBJC_IMPLEMENTATIONS = YES;
				CLANG_WARN_DIRECT_OBJC_ISA_USAGE = YES_ERROR;
				CLANG_WARN_DOCUMENTATION_COMMENTS = YES;
				CLANG_WARN_EMPTY_BODY = YES;
				CLANG_WARN_ENUM_CONVERSION = YES;
				CLANG_WARN_INFINITE_RECURSION = YES;
				CLANG_WARN_INT_CONVERSION = YES;
				CLANG_WARN_NON_LITERAL_NULL_CONVERSION = YES;
				CLANG_WARN_OBJC_IMPLICIT_RETAIN_SELF = YES;
				CLANG_WARN_OBJC_LITERAL_CONVERSION = YES;
				CLANG_WARN_OBJC_ROOT_CLASS = YES_ERROR;
				CLANG_WARN_QUOTED_INCLUDE_IN_FRAMEWORK_HEADER = YES;
				CLANG_WARN_RANGE_LOOP_ANALYSIS = YES;
				CLANG_WARN_STRICT_PROTOTYPES = YES;
				CLANG_WARN_SUSPICIOUS_MOVE = YES;
				CLANG_WARN_UNGUARDED_AVAILABILITY = YES_AGGRESSIVE;
				CLANG_WARN_UNREACHABLE_CODE = YES;
				CLANG_WARN__DUPLICATE_METHOD_MATCH = YES;
				COPY_PHASE_STRIP = NO;
				DEBUG_INFORMATION_FORMAT = "dwarf-with-dsym";
				ENABLE_APP_SANDBOX = NO;
				ENABLE_DEBUG_DYLIB = NO;
				ENABLE_NS_ASSERTIONS = NO;
				ENABLE_STRICT_OBJC_MSGSEND = YES;
				ENABLE_USER_SCRIPT_SANDBOXING = NO;
				GCC_C_LANGUAGE_STANDARD = gnu17;
				GCC_NO_COMMON_BLOCKS = YES;
				GCC_WARN_64_TO_32_BIT_CONVERSION = YES;
				GCC_WARN_ABOUT_RETURN_TYPE = YES_ERROR;
				GCC_WARN_UNDECLARED_SELECTOR = YES;
				GCC_WARN_UNINITIALIZED_AUTOS = YES_AGGRESSIVE;
				GCC_WARN_UNUSED_FUNCTION = YES;
				GCC_WARN_UNUSED_VARIABLE = YES;
				IPHONEOS_DEPLOYMENT_TARGET = 17.6;
				LOCALIZATION_PREFERS_STRING_CATALOGS = YES;
				MTL_ENABLE_DEBUG_INFO = NO;
				MTL_FAST_MATH = YES;
				"OTHER_LDFLAGS[arch=*]" = "-ObjC";
				SDKROOT = iphoneos;
				SWIFT_ACTIVE_COMPILATION_CONDITIONS = RELEASE;
				SWIFT_COMPILATION_MODE = wholemodule;
				SWIFT_OPTIMIZATION_LEVEL = "-O";
				VALIDATE_PRODUCT = YES;
			};
			name = Release;
		};
		7ECF06FC2D0C6DA300CA7852 /* Debug */ = {
			isa = XCBuildConfiguration;
			buildSettings = {
				ASSETCATALOG_COMPILER_APPICON_NAME = AppIcon;
				ASSETCATALOG_COMPILER_GLOBAL_ACCENT_COLOR_NAME = AccentColor;
				CODE_SIGN_ENTITLEMENTS = PeerApp/PeerApp.entitlements;
				CODE_SIGN_STYLE = Automatic;
				CURRENT_PROJECT_VERSION = 3;
				DEVELOPMENT_ASSET_PATHS = "\"PeerApp/Preview Content\"";
				DEVELOPMENT_TEAM = 58N75JS7A3;
				ENABLE_PREVIEWS = YES;
				GENERATE_INFOPLIST_FILE = YES;
				INFOPLIST_FILE = PeerApp/Info.plist;
				INFOPLIST_KEY_CFBundleDisplayName = Peer;
				INFOPLIST_KEY_LSApplicationCategoryType = "public.app-category.social-networking";
				INFOPLIST_KEY_NSCameraUsageDescription = "Upload photos & videos to attach to your posts.";
				INFOPLIST_KEY_NSPhotoLibraryAddUsageDescription = "Allow app to save images to your photo library.";
				INFOPLIST_KEY_NSPhotoLibraryUsageDescription = "Upload photos & videos to attach to your posts.";
				INFOPLIST_KEY_UIApplicationSceneManifest_Generation = YES;
				INFOPLIST_KEY_UIApplicationSupportsIndirectInputEvents = YES;
				INFOPLIST_KEY_UIRequiresFullScreen = YES;
				INFOPLIST_KEY_UISupportedInterfaceOrientations = UIInterfaceOrientationPortrait;
				IPHONEOS_DEPLOYMENT_TARGET = 17.0;
				LD_RUNPATH_SEARCH_PATHS = (
					"$(inherited)",
					"@executable_path/Frameworks",
				);
				MARKETING_VERSION = 1.4.3;
				PRODUCT_BUNDLE_IDENTIFIER = eu.peernetwork.PeerApp;
				PRODUCT_NAME = "$(TARGET_NAME)";
				SUPPORTED_PLATFORMS = "iphoneos iphonesimulator";
				SUPPORTS_MACCATALYST = NO;
				SUPPORTS_MAC_DESIGNED_FOR_IPHONE_IPAD = NO;
				SUPPORTS_XR_DESIGNED_FOR_IPHONE_IPAD = NO;
				SWIFT_EMIT_LOC_STRINGS = YES;
				SWIFT_VERSION = 5.0;
				TARGETED_DEVICE_FAMILY = "1,2";
			};
			name = Debug;
		};
		7ECF06FD2D0C6DA300CA7852 /* Release */ = {
			isa = XCBuildConfiguration;
			buildSettings = {
				ASSETCATALOG_COMPILER_APPICON_NAME = AppIcon;
				ASSETCATALOG_COMPILER_GLOBAL_ACCENT_COLOR_NAME = AccentColor;
				CODE_SIGN_ENTITLEMENTS = PeerApp/PeerApp.entitlements;
				CODE_SIGN_STYLE = Automatic;
				CURRENT_PROJECT_VERSION = 3;
				DEVELOPMENT_ASSET_PATHS = "\"PeerApp/Preview Content\"";
				DEVELOPMENT_TEAM = 58N75JS7A3;
				ENABLE_PREVIEWS = YES;
				GENERATE_INFOPLIST_FILE = YES;
				INFOPLIST_FILE = PeerApp/Info.plist;
				INFOPLIST_KEY_CFBundleDisplayName = Peer;
				INFOPLIST_KEY_LSApplicationCategoryType = "public.app-category.social-networking";
				INFOPLIST_KEY_NSCameraUsageDescription = "Upload photos & videos to attach to your posts.";
				INFOPLIST_KEY_NSPhotoLibraryAddUsageDescription = "Allow app to save images to your photo library.";
				INFOPLIST_KEY_NSPhotoLibraryUsageDescription = "Upload photos & videos to attach to your posts.";
				INFOPLIST_KEY_UIApplicationSceneManifest_Generation = YES;
				INFOPLIST_KEY_UIApplicationSupportsIndirectInputEvents = YES;
				INFOPLIST_KEY_UIRequiresFullScreen = YES;
				INFOPLIST_KEY_UISupportedInterfaceOrientations = UIInterfaceOrientationPortrait;
				IPHONEOS_DEPLOYMENT_TARGET = 17.0;
				LD_RUNPATH_SEARCH_PATHS = (
					"$(inherited)",
					"@executable_path/Frameworks",
				);
				MARKETING_VERSION = 1.4.3;
				PRODUCT_BUNDLE_IDENTIFIER = eu.peernetwork.PeerApp;
				PRODUCT_NAME = "$(TARGET_NAME)";
				SUPPORTED_PLATFORMS = "iphoneos iphonesimulator";
				SUPPORTS_MACCATALYST = NO;
				SUPPORTS_MAC_DESIGNED_FOR_IPHONE_IPAD = NO;
				SUPPORTS_XR_DESIGNED_FOR_IPHONE_IPAD = NO;
				SWIFT_EMIT_LOC_STRINGS = YES;
				SWIFT_VERSION = 5.0;
				TARGETED_DEVICE_FAMILY = "1,2";
			};
			name = Release;
		};
		7ECF06FF2D0C6DA300CA7852 /* Debug */ = {
			isa = XCBuildConfiguration;
			buildSettings = {
				BUNDLE_LOADER = "$(TEST_HOST)";
				CODE_SIGN_STYLE = Automatic;
				CURRENT_PROJECT_VERSION = 1;
				DEVELOPMENT_TEAM = 58N75JS7A3;
				GENERATE_INFOPLIST_FILE = YES;
				IPHONEOS_DEPLOYMENT_TARGET = 18.2;
				MARKETING_VERSION = 1.0;
				PRODUCT_BUNDLE_IDENTIFIER = eu.peernetwork.PeerAppTests;
				PRODUCT_NAME = "$(TARGET_NAME)";
				SWIFT_EMIT_LOC_STRINGS = NO;
				SWIFT_VERSION = 5.0;
				TARGETED_DEVICE_FAMILY = "1,2";
				TEST_HOST = "$(BUILT_PRODUCTS_DIR)/PeerApp.app/$(BUNDLE_EXECUTABLE_FOLDER_PATH)/PeerApp";
			};
			name = Debug;
		};
		7ECF07002D0C6DA300CA7852 /* Release */ = {
			isa = XCBuildConfiguration;
			buildSettings = {
				BUNDLE_LOADER = "$(TEST_HOST)";
				CODE_SIGN_STYLE = Automatic;
				CURRENT_PROJECT_VERSION = 1;
				DEVELOPMENT_TEAM = 58N75JS7A3;
				GENERATE_INFOPLIST_FILE = YES;
				IPHONEOS_DEPLOYMENT_TARGET = 18.2;
				MARKETING_VERSION = 1.0;
				PRODUCT_BUNDLE_IDENTIFIER = eu.peernetwork.PeerAppTests;
				PRODUCT_NAME = "$(TARGET_NAME)";
				SWIFT_EMIT_LOC_STRINGS = NO;
				SWIFT_VERSION = 5.0;
				TARGETED_DEVICE_FAMILY = "1,2";
				TEST_HOST = "$(BUILT_PRODUCTS_DIR)/PeerApp.app/$(BUNDLE_EXECUTABLE_FOLDER_PATH)/PeerApp";
			};
			name = Release;
		};
		7ECF07022D0C6DA300CA7852 /* Debug */ = {
			isa = XCBuildConfiguration;
			buildSettings = {
				CODE_SIGN_STYLE = Automatic;
				CURRENT_PROJECT_VERSION = 1;
				DEVELOPMENT_TEAM = 58N75JS7A3;
				GENERATE_INFOPLIST_FILE = YES;
				MARKETING_VERSION = 1.0;
				PRODUCT_BUNDLE_IDENTIFIER = eu.peernetwork.PeerAppUITests;
				PRODUCT_NAME = "$(TARGET_NAME)";
				SWIFT_EMIT_LOC_STRINGS = NO;
				SWIFT_VERSION = 5.0;
				TARGETED_DEVICE_FAMILY = "1,2";
				TEST_TARGET_NAME = PeerApp;
			};
			name = Debug;
		};
		7ECF07032D0C6DA300CA7852 /* Release */ = {
			isa = XCBuildConfiguration;
			buildSettings = {
				CODE_SIGN_STYLE = Automatic;
				CURRENT_PROJECT_VERSION = 1;
				DEVELOPMENT_TEAM = 58N75JS7A3;
				GENERATE_INFOPLIST_FILE = YES;
				MARKETING_VERSION = 1.0;
				PRODUCT_BUNDLE_IDENTIFIER = eu.peernetwork.PeerAppUITests;
				PRODUCT_NAME = "$(TARGET_NAME)";
				SWIFT_EMIT_LOC_STRINGS = NO;
				SWIFT_VERSION = 5.0;
				TARGETED_DEVICE_FAMILY = "1,2";
				TEST_TARGET_NAME = PeerApp;
			};
			name = Release;
		};
		7ED0F7A92D0DD8410027A49B /* Debug */ = {
			isa = XCBuildConfiguration;
			buildSettings = {
				CODE_SIGN_ENTITLEMENTS = PayloadModification/PayloadModification.entitlements;
				CODE_SIGN_STYLE = Automatic;
				CURRENT_PROJECT_VERSION = 3;
				DEVELOPMENT_TEAM = 58N75JS7A3;
				GENERATE_INFOPLIST_FILE = YES;
				INFOPLIST_FILE = PayloadModification/Info.plist;
				INFOPLIST_KEY_CFBundleDisplayName = PayloadModification;
				INFOPLIST_KEY_NSHumanReadableCopyright = "";
				IPHONEOS_DEPLOYMENT_TARGET = 17.0;
				LD_RUNPATH_SEARCH_PATHS = (
					"$(inherited)",
					"@executable_path/Frameworks",
					"@executable_path/../../Frameworks",
				);
				MARKETING_VERSION = 1.4.3;
				PRODUCT_BUNDLE_IDENTIFIER = eu.peernetwork.PeerApp.PayloadModification;
				PRODUCT_NAME = "$(TARGET_NAME)";
				SKIP_INSTALL = YES;
				SWIFT_EMIT_LOC_STRINGS = YES;
				SWIFT_VERSION = 5.0;
				TARGETED_DEVICE_FAMILY = "1,2";
			};
			name = Debug;
		};
		7ED0F7AA2D0DD8410027A49B /* Release */ = {
			isa = XCBuildConfiguration;
			buildSettings = {
				CODE_SIGN_ENTITLEMENTS = PayloadModification/PayloadModification.entitlements;
				CODE_SIGN_STYLE = Automatic;
				CURRENT_PROJECT_VERSION = 3;
				DEVELOPMENT_TEAM = 58N75JS7A3;
				GENERATE_INFOPLIST_FILE = YES;
				INFOPLIST_FILE = PayloadModification/Info.plist;
				INFOPLIST_KEY_CFBundleDisplayName = PayloadModification;
				INFOPLIST_KEY_NSHumanReadableCopyright = "";
				IPHONEOS_DEPLOYMENT_TARGET = 17.0;
				LD_RUNPATH_SEARCH_PATHS = (
					"$(inherited)",
					"@executable_path/Frameworks",
					"@executable_path/../../Frameworks",
				);
				MARKETING_VERSION = 1.4.3;
				PRODUCT_BUNDLE_IDENTIFIER = eu.peernetwork.PeerApp.PayloadModification;
				PRODUCT_NAME = "$(TARGET_NAME)";
				SKIP_INSTALL = YES;
				SWIFT_EMIT_LOC_STRINGS = YES;
				SWIFT_VERSION = 5.0;
				TARGETED_DEVICE_FAMILY = "1,2";
			};
			name = Release;
		};
/* End XCBuildConfiguration section */

/* Begin XCConfigurationList section */
		7ECF06D22D0C6DA200CA7852 /* Build configuration list for PBXProject "PeerApp" */ = {
			isa = XCConfigurationList;
			buildConfigurations = (
				7ECF06F92D0C6DA300CA7852 /* Debug */,
				7ECF06FA2D0C6DA300CA7852 /* Release */,
			);
			defaultConfigurationIsVisible = 0;
			defaultConfigurationName = Release;
		};
		7ECF06FB2D0C6DA300CA7852 /* Build configuration list for PBXNativeTarget "PeerApp" */ = {
			isa = XCConfigurationList;
			buildConfigurations = (
				7ECF06FC2D0C6DA300CA7852 /* Debug */,
				7ECF06FD2D0C6DA300CA7852 /* Release */,
			);
			defaultConfigurationIsVisible = 0;
			defaultConfigurationName = Release;
		};
		7ECF06FE2D0C6DA300CA7852 /* Build configuration list for PBXNativeTarget "PeerAppTests" */ = {
			isa = XCConfigurationList;
			buildConfigurations = (
				7ECF06FF2D0C6DA300CA7852 /* Debug */,
				7ECF07002D0C6DA300CA7852 /* Release */,
			);
			defaultConfigurationIsVisible = 0;
			defaultConfigurationName = Release;
		};
		7ECF07012D0C6DA300CA7852 /* Build configuration list for PBXNativeTarget "PeerAppUITests" */ = {
			isa = XCConfigurationList;
			buildConfigurations = (
				7ECF07022D0C6DA300CA7852 /* Debug */,
				7ECF07032D0C6DA300CA7852 /* Release */,
			);
			defaultConfigurationIsVisible = 0;
			defaultConfigurationName = Release;
		};
		7ED0F7A82D0DD8410027A49B /* Build configuration list for PBXNativeTarget "PayloadModification" */ = {
			isa = XCConfigurationList;
			buildConfigurations = (
				7ED0F7A92D0DD8410027A49B /* Debug */,
				7ED0F7AA2D0DD8410027A49B /* Release */,
			);
			defaultConfigurationIsVisible = 0;
			defaultConfigurationName = Release;
		};
/* End XCConfigurationList section */

/* Begin XCLocalSwiftPackageReference section */
		7E2EEA6F2D1991A10022B381 /* XCLocalSwiftPackageReference "Packages/Networking" */ = {
			isa = XCLocalSwiftPackageReference;
			relativePath = Packages/Networking;
		};
/* End XCLocalSwiftPackageReference section */

/* Begin XCRemoteSwiftPackageReference section */
		AC10E9862D9C2D0800A72988 /* XCRemoteSwiftPackageReference "SFSafeSymbols" */ = {
			isa = XCRemoteSwiftPackageReference;
			repositoryURL = "https://github.com/SFSafeSymbols/SFSafeSymbols.git";
			requirement = {
				kind = exactVersion;
				version = 5.3.0;
			};
		};
		AC79340D2DCE4E350069CAEF /* XCRemoteSwiftPackageReference "Swinject" */ = {
			isa = XCRemoteSwiftPackageReference;
			repositoryURL = "https://github.com/Swinject/Swinject";
			requirement = {
				kind = upToNextMajorVersion;
				minimumVersion = 2.9.1;
			};
		};
		AC7BD8B82DEDCEEE0094BC9A /* XCRemoteSwiftPackageReference "firebase-ios-sdk" */ = {
			isa = XCRemoteSwiftPackageReference;
			repositoryURL = "https://github.com/firebase/firebase-ios-sdk.git";
			requirement = {
				kind = upToNextMajorVersion;
				minimumVersion = 11.9.0;
			};
		};
/* End XCRemoteSwiftPackageReference section */

/* Begin XCSwiftPackageProductDependency section */
		7E043B5A2D43EAD300CD365B /* Auth */ = {
			isa = XCSwiftPackageProductDependency;
			productName = Auth;
		};
		7E3C09862D130AEF001D8227 /* Networking */ = {
			isa = XCSwiftPackageProductDependency;
			productName = Networking;
		};
		7E3C09882D130B1E001D8227 /* GQLOperationsGuest */ = {
			isa = XCSwiftPackageProductDependency;
			productName = GQLOperationsGuest;
		};
		7E3C098A2D130EBF001D8227 /* GQLOperationsUser */ = {
			isa = XCSwiftPackageProductDependency;
			productName = GQLOperationsUser;
		};
		7E8DFE652D31304700C1725E /* MediaUI */ = {
			isa = XCSwiftPackageProductDependency;
			productName = MediaUI;
		};
		7ECFE7892D1577AB002D98DD /* Environment */ = {
			isa = XCSwiftPackageProductDependency;
			productName = Environment;
		};
		7ED27FE52D4BCF3100A6EFE0 /* TokenKeychainManager */ = {
			isa = XCSwiftPackageProductDependency;
			productName = TokenKeychainManager;
		};
		7EE1447A2D1435DD0054FBB2 /* DesignSystem */ = {
			isa = XCSwiftPackageProductDependency;
			productName = DesignSystem;
		};
		7EE144D22D1454AB0054FBB2 /* Environment */ = {
			isa = XCSwiftPackageProductDependency;
			productName = Environment;
		};
		7EEBA9C12D4CF2BF001B6E76 /* FeedNew */ = {
			isa = XCSwiftPackageProductDependency;
			productName = FeedNew;
		};
		AC104D642DB7A864005F07F0 /* Analytics */ = {
			isa = XCSwiftPackageProductDependency;
			productName = Analytics;
		};
		AC10E9872D9C2D0800A72988 /* SFSafeSymbols */ = {
			isa = XCSwiftPackageProductDependency;
			package = AC10E9862D9C2D0800A72988 /* XCRemoteSwiftPackageReference "SFSafeSymbols" */;
			productName = SFSafeSymbols;
		};
		AC655A852DDCBB0F0050FEBA /* Post */ = {
			isa = XCSwiftPackageProductDependency;
			productName = Post;
		};
		AC6614E42D71F02000069AB5 /* Wallet */ = {
			isa = XCSwiftPackageProductDependency;
			productName = Wallet;
		};
		AC79340E2DCE4E350069CAEF /* Swinject */ = {
			isa = XCSwiftPackageProductDependency;
			package = AC79340D2DCE4E350069CAEF /* XCRemoteSwiftPackageReference "Swinject" */;
			productName = Swinject;
		};
		AC7BD8B92DEDCEEE0094BC9A /* FirebaseAnalytics */ = {
			isa = XCSwiftPackageProductDependency;
			package = AC7BD8B82DEDCEEE0094BC9A /* XCRemoteSwiftPackageReference "firebase-ios-sdk" */;
			productName = FirebaseAnalytics;
		};
		AC7BD8BB2DEDCEEE0094BC9A /* FirebaseCore */ = {
			isa = XCSwiftPackageProductDependency;
			package = AC7BD8B82DEDCEEE0094BC9A /* XCRemoteSwiftPackageReference "firebase-ios-sdk" */;
			productName = FirebaseCore;
		};
		AC7BD8BD2DEDCEEE0094BC9A /* FirebaseCrashlytics */ = {
			isa = XCSwiftPackageProductDependency;
			package = AC7BD8B82DEDCEEE0094BC9A /* XCRemoteSwiftPackageReference "firebase-ios-sdk" */;
			productName = FirebaseCrashlytics;
		};
		AC7BD8BF2DEDCEEE0094BC9A /* FirebaseMessaging */ = {
			isa = XCSwiftPackageProductDependency;
			package = AC7BD8B82DEDCEEE0094BC9A /* XCRemoteSwiftPackageReference "firebase-ios-sdk" */;
			productName = FirebaseMessaging;
		};
		AC7BD8C12DEDCEEE0094BC9A /* FirebasePerformance */ = {
			isa = XCSwiftPackageProductDependency;
			package = AC7BD8B82DEDCEEE0094BC9A /* XCRemoteSwiftPackageReference "firebase-ios-sdk" */;
			productName = FirebasePerformance;
		};
		AC7BD8C32DEDCEEE0094BC9A /* FirebaseRemoteConfig */ = {
			isa = XCSwiftPackageProductDependency;
			package = AC7BD8B82DEDCEEE0094BC9A /* XCRemoteSwiftPackageReference "firebase-ios-sdk" */;
			productName = FirebaseRemoteConfig;
		};
		AC8295F22D876DD700C554D1 /* Explore */ = {
			isa = XCSwiftPackageProductDependency;
			productName = Explore;
		};
		ACCAB48C2D81E500001C1041 /* RemoteConfig */ = {
			isa = XCSwiftPackageProductDependency;
			productName = RemoteConfig;
		};
		ACE05B182DA90C7900DD6E79 /* VersionHistory */ = {
			isa = XCSwiftPackageProductDependency;
			productName = VersionHistory;
		};
		ACF9156C2D9A85D800338BC4 /* ProfileNew */ = {
			isa = XCSwiftPackageProductDependency;
			productName = ProfileNew;
		};
		ACF9156E2D9A85DD00338BC4 /* PostCreation */ = {
			isa = XCSwiftPackageProductDependency;
			productName = PostCreation;
		};
/* End XCSwiftPackageProductDependency section */
	};
	rootObject = 7ECF06CF2D0C6DA200CA7852 /* Project object */;
}
